
Microsoft Visual Studio Solution File, Format Version 12.00
Project("{FAE04EC0-301F-11D3-BF4B-00C04F79EFBC}") = "RPGBattle", "RPGBattle\RPGBattle.csproj", "{621D1381-FBE7-4E64-AC78-F98D241D363C}"
EndProject
Global
	GlobalSection(SolutionConfigurationPlatforms) = preSolution
		Debug|Any CPU = Debug|Any CPU
		Release|Any CPU = Release|Any CPU
	EndGlobalSection
	GlobalSection(ProjectConfigurationPlatforms) = postSolution
		{621D1381-FBE7-4E64-AC78-F98D241D363C}.Debug|Any CPU.ActiveCfg = Debug|Any CPU
		{621D1381-FBE7-4E64-AC78-F98D241D363C}.Debug|Any CPU.Build.0 = Debug|Any CPU
		{621D1381-FBE7-4E64-AC78-F98D241D363C}.Release|Any CPU.ActiveCfg = Release|Any CPU
		{621D1381-FBE7-4E64-AC78-F98D241D363C}.Release|Any CPU.Build.0 = Release|Any CPU
	EndGlobalSection
EndGlobal
